// !$*UTF8*$!
{
	archiveVersion = 1;
	classes = {
	};
	objectVersion = 46;
	objects = {

/* Begin PBXBuildFile section */
		1623F1771E92CCE70031AC02 /* AppDelegate.swift in Sources */ = {isa = PBXBuildFile; fileRef = 1623F1761E92CCE70031AC02 /* AppDelegate.swift */; };
		1623F1791E92CCE70031AC02 /* ViewController.swift in Sources */ = {isa = PBXBuildFile; fileRef = 1623F1781E92CCE70031AC02 /* ViewController.swift */; };
		1623F17C1E92CCE70031AC02 /* Main.storyboard in Resources */ = {isa = PBXBuildFile; fileRef = 1623F17A1E92CCE70031AC02 /* Main.storyboard */; };
		1623F17E1E92CCE70031AC02 /* Assets.xcassets in Resources */ = {isa = PBXBuildFile; fileRef = 1623F17D1E92CCE70031AC02 /* Assets.xcassets */; };
		1623F1811E92CCE70031AC02 /* LaunchScreen.storyboard in Resources */ = {isa = PBXBuildFile; fileRef = 1623F17F1E92CCE70031AC02 /* LaunchScreen.storyboard */; };
		16DFB97B1E94BA5300C8CA0E /* RainbowView.xib in Resources */ = {isa = PBXBuildFile; fileRef = 16DFB97A1E94BA5300C8CA0E /* RainbowView.xib */; };
		16DFB97D1E94BA8300C8CA0E /* RainbowView.swift in Sources */ = {isa = PBXBuildFile; fileRef = 16DFB97C1E94BA8300C8CA0E /* RainbowView.swift */; };
/* End PBXBuildFile section */

/* Begin PBXFileReference section */
		1623F1731E92CCE70031AC02 /* CA.app */ = {isa = PBXFileReference; explicitFileType = wrapper.application; includeInIndex = 0; path = CA.app; sourceTree = BUILT_PRODUCTS_DIR; };
		1623F1761E92CCE70031AC02 /* AppDelegate.swift */ = {isa = PBXFileReference; lastKnownFileType = sourcecode.swift; path = AppDelegate.swift; sourceTree = "<group>"; };
		1623F1781E92CCE70031AC02 /* ViewController.swift */ = {isa = PBXFileReference; lastKnownFileType = sourcecode.swift; path = ViewController.swift; sourceTree = "<group>"; };
		1623F17B1E92CCE70031AC02 /* Base */ = {isa = PBXFileReference; lastKnownFileType = file.storyboard; name = Base; path = Base.lproj/Main.storyboard; sourceTree = "<group>"; };
		1623F17D1E92CCE70031AC02 /* Assets.xcassets */ = {isa = PBXFileReference; lastKnownFileType = folder.assetcatalog; path = Assets.xcassets; sourceTree = "<group>"; };
		1623F1801E92CCE70031AC02 /* Base */ = {isa = PBXFileReference; lastKnownFileType = file.storyboard; name = Base; path = Base.lproj/LaunchScreen.storyboard; sourceTree = "<group>"; };
		1623F1821E92CCE70031AC02 /* Info.plist */ = {isa = PBXFileReference; lastKnownFileType = text.plist.xml; path = Info.plist; sourceTree = "<group>"; };
		16DFB97A1E94BA5300C8CA0E /* RainbowView.xib */ = {isa = PBXFileReference; fileEncoding = 4; lastKnownFileType = file.xib; path = RainbowView.xib; sourceTree = "<group>"; };
		16DFB97C1E94BA8300C8CA0E /* RainbowView.swift */ = {isa = PBXFileReference; fileEncoding = 4; lastKnownFileType = sourcecode.swift; path = RainbowView.swift; sourceTree = "<group>"; };
/* End PBXFileReference section */

/* Begin PBXFrameworksBuildPhase section */
		1623F1701E92CCE70031AC02 /* Frameworks */ = {
			isa = PBXFrameworksBuildPhase;
			buildActionMask = 2147483647;
			files = (
			);
			runOnlyForDeploymentPostprocessing = 0;
		};
/* End PBXFrameworksBuildPhase section */

/* Begin PBXGroup section */
		1623F16A1E92CCE70031AC02 = {
			isa = PBXGroup;
			children = (
				1623F1751E92CCE70031AC02 /* CA */,
				1623F1741E92CCE70031AC02 /* Products */,
			);
			sourceTree = "<group>";
		};
		1623F1741E92CCE70031AC02 /* Products */ = {
			isa = PBXGroup;
			children = (
				1623F1731E92CCE70031AC02 /* CA.app */,
			);
			name = Products;
			sourceTree = "<group>";
		};
		1623F1751E92CCE70031AC02 /* CA */ = {
			isa = PBXGroup;
			children = (
				1623F1761E92CCE70031AC02 /* AppDelegate.swift */,
				1623F1781E92CCE70031AC02 /* ViewController.swift */,
				1623F17A1E92CCE70031AC02 /* Main.storyboard */,
				1623F17D1E92CCE70031AC02 /* Assets.xcassets */,
				1623F17F1E92CCE70031AC02 /* LaunchScreen.storyboard */,
				1623F1821E92CCE70031AC02 /* Info.plist */,
				16DFB97A1E94BA5300C8CA0E /* RainbowView.xib */,
				16DFB97C1E94BA8300C8CA0E /* RainbowView.swift */,
			);
			path = CA;
			sourceTree = "<group>";
		};
/* End PBXGroup section */

/* Begin PBXNativeTarget section */
		1623F1721E92CCE70031AC02 /* CA */ = {
			isa = PBXNativeTarget;
			buildConfigurationList = 1623F1851E92CCE70031AC02 /* Build configuration list for PBXNativeTarget "CA" */;
			buildPhases = (
				1623F16F1E92CCE70031AC02 /* Sources */,
				1623F1701E92CCE70031AC02 /* Frameworks */,
				1623F1711E92CCE70031AC02 /* Resources */,
			);
			buildRules = (
			);
			dependencies = (
			);
			name = CA;
			productName = CA;
			productReference = 1623F1731E92CCE70031AC02 /* CA.app */;
			productType = "com.apple.product-type.application";
		};
/* End PBXNativeTarget section */

/* Begin PBXProject section */
		1623F16B1E92CCE70031AC02 /* Project object */ = {
			isa = PBXProject;
			attributes = {
				LastSwiftUpdateCheck = 0830;
				LastUpgradeCheck = 0830;
				ORGANIZATIONNAME = "Ali Topcu";
				TargetAttributes = {
					1623F1721E92CCE70031AC02 = {
						CreatedOnToolsVersion = 8.3;
						ProvisioningStyle = Automatic;
					};
				};
			};
			buildConfigurationList = 1623F16E1E92CCE70031AC02 /* Build configuration list for PBXProject "CA" */;
			compatibilityVersion = "Xcode 3.2";
			developmentRegion = English;
			hasScannedForEncodings = 0;
			knownRegions = (
				en,
				Base,
			);
			mainGroup = 1623F16A1E92CCE70031AC02;
			productRefGroup = 1623F1741E92CCE70031AC02 /* Products */;
			projectDirPath = "";
			projectRoot = "";
			targets = (
				1623F1721E92CCE70031AC02 /* CA */,
			);
		};
/* End PBXProject section */

/* Begin PBXResourcesBuildPhase section */
		1623F1711E92CCE70031AC02 /* Resources */ = {
			isa = PBXResourcesBuildPhase;
			buildActionMask = 2147483647;
			files = (
				1623F1811E92CCE70031AC02 /* LaunchScreen.storyboard in Resources */,
				16DFB97B1E94BA5300C8CA0E /* RainbowView.xib in Resources */,
				1623F17E1E92CCE70031AC02 /* Assets.xcassets in Resources */,
				1623F17C1E92CCE70031AC02 /* Main.storyboard in Resources */,
			);
			runOnlyForDeploymentPostprocessing = 0;
		};
/* End PBXResourcesBuildPhase section */

/* Begin PBXSourcesBuildPhase section */
		1623F16F1E92CCE70031AC02 /* Sources */ = {
			isa = PBXSourcesBuildPhase;
			buildActionMask = 2147483647;
			files = (
				16DFB97D1E94BA8300C8CA0E /* RainbowView.swift in Sources */,
				1623F1791E92CCE70031AC02 /* ViewController.swift in Sources */,
				1623F1771E92CCE70031AC02 /* AppDelegate.swift in Sources */,
			);
			runOnlyForDeploymentPostprocessing = 0;
		};
/* End PBXSourcesBuildPhase section */

/* Begin PBXVariantGroup section */
		1623F17A1E92CCE70031AC02 /* Main.storyboard */ = {
			isa = PBXVariantGroup;
			children = (
				1623F17B1E92CCE70031AC02 /* Base */,
			);
			name = Main.storyboard;
			sourceTree = "<group>";
		};
		1623F17F1E92CCE70031AC02 /* LaunchScreen.storyboard */ = {
			isa = PBXVariantGroup;
			children = (
				1623F1801E92CCE70031AC02 /* Base */,
			);
			name = LaunchScreen.storyboard;
			sourceTree = "<group>";
		};
/* End PBXVariantGroup section */

/* Begin XCBuildConfiguration section */
		1623F1831E92CCE70031AC02 /* Debug */ = {
			isa = XCBuildConfiguration;
			buildSettings = {
				ALWAYS_SEARCH_USER_PATHS = NO;
				CLANG_ANALYZER_NONNULL = YES;
				CLANG_ANALYZER_NUMBER_OBJECT_CONVERSION = YES_AGGRESSIVE;
				CLANG_CXX_LANGUAGE_STANDARD = "gnu++0x";
				CLANG_CXX_LIBRARY = "libc++";
				CLANG_ENABLE_MODULES = YES;
				CLANG_ENABLE_OBJC_ARC = YES;
				CLANG_WARN_BOOL_CONVERSION = YES;
				CLANG_WARN_CONSTANT_CONVERSION = YES;
				CLANG_WARN_DIRECT_OBJC_ISA_USAGE = YES_ERROR;
				CLANG_WARN_DOCUMENTATION_COMMENTS = YES;
				CLANG_WARN_EMPTY_BODY = YES;
				CLANG_WARN_ENUM_CONVERSION = YES;
				CLANG_WARN_INFINITE_RECURSION = YES;
				CLANG_WARN_INT_CONVERSION = YES;
				CLANG_WARN_OBJC_ROOT_CLASS = YES_ERROR;
				CLANG_WARN_SUSPICIOUS_MOVE = YES;
				CLANG_WARN_UNREACHABLE_CODE = YES;
				CLANG_WARN__DUPLICATE_METHOD_MATCH = YES;
				"CODE_SIGN_IDENTITY[sdk=iphoneos*]" = "iPhone Developer";
				COPY_PHASE_STRIP = NO;
				DEBUG_INFORMATION_FORMAT = dwarf;
				ENABLE_STRICT_OBJC_MSGSEND = YES;
				ENABLE_TESTABILITY = YES;
				GCC_C_LANGUAGE_STANDARD = gnu99;
				GCC_DYNAMIC_NO_PIC = NO;
				GCC_NO_COMMON_BLOCKS = YES;
				GCC_OPTIMIZATION_LEVEL = 0;
				GCC_PREPROCESSOR_DEFINITIONS = (
					"DEBUG=1",
					"$(inherited)",
				);
				GCC_WARN_64_TO_32_BIT_CONVERSION = YES;
				GCC_WARN_ABOUT_RETURN_TYPE = YES_ERROR;
				GCC_WARN_UNDECLARED_SELECTOR = YES;
				GCC_WARN_UNINITIALIZED_AUTOS = YES_AGGRESSIVE;
				GCC_WARN_UNUSED_FUNCTION = YES;
				GCC_WARN_UNUSED_VARIABLE = YES;
				IPHONEOS_DEPLOYMENT_TARGET = 10.3;
				MTL_ENABLE_DEBUG_INFO = YES;
				ONLY_ACTIVE_ARCH = YES;
				SDKROOT = iphoneos;
				SWIFT_ACTIVE_COMPILATION_CONDITIONS = DEBUG;
				SWIFT_OPTIMIZATION_LEVEL = "-Onone";
				TARGETED_DEVICE_FAMILY = "1,2";
			};
			name = Debug;
		};
		1623F1841E92CCE70031AC02 /* Release */ = {
			isa = XCBuildConfiguration;
			buildSettings = {
				ALWAYS_SEARCH_USER_PATHS = NO;
				CLANG_ANALYZER_NONNULL = YES;
				CLANG_ANALYZER_NUMBER_OBJECT_CONVERSION = YES_AGGRESSIVE;
				CLANG_CXX_LANGUAGE_STANDARD = "gnu++0x";
				CLANG_CXX_LIBRARY = "libc++";
				CLANG_ENABLE_MODULES = YES;
				CLANG_ENABLE_OBJC_ARC = YES;
				CLANG_WARN_BOOL_CONVERSION = YES;
				CLANG_WARN_CONSTANT_CONVERSION = YES;
				CLANG_WARN_DIRECT_OBJC_ISA_USAGE = YES_ERROR;
				CLANG_WARN_DOCUMENTATION_COMMENTS = YES;
				CLANG_WARN_EMPTY_BODY = YES;
				CLANG_WARN_ENUM_CONVERSION = YES;
				CLANG_WARN_INFINITE_RECURSION = YES;
				CLANG_WARN_INT_CONVERSION = YES;
				CLANG_WARN_OBJC_ROOT_CLASS = YES_ERROR;
				CLANG_WARN_SUSPICIOUS_MOVE = YES;
				CLANG_WARN_UNREACHABLE_CODE = YES;
				CLANG_WARN__DUPLICATE_METHOD_MATCH = YES;
				"CODE_SIGN_IDENTITY[sdk=iphoneos*]" = "iPhone Developer";
				COPY_PHASE_STRIP = NO;
				DEBUG_INFORMATION_FORMAT = "dwarf-with-dsym";
				ENABLE_NS_ASSERTIONS = NO;
				ENABLE_STRICT_OBJC_MSGSEND = YES;
				GCC_C_LANGUAGE_STANDARD = gnu99;
				GCC_NO_COMMON_BLOCKS = YES;
				GCC_WARN_64_TO_32_BIT_CONVERSION = YES;
				GCC_WARN_ABOUT_RETURN_TYPE = YES_ERROR;
				GCC_WARN_UNDECLARED_SELECTOR = YES;
				GCC_WARN_UNINITIALIZED_AUTOS = YES_AGGRESSIVE;
				GCC_WARN_UNUSED_FUNCTION = YES;
				GCC_WARN_UNUSED_VARIABLE = YES;
				IPHONEOS_DEPLOYMENT_TARGET = 10.3;
				MTL_ENABLE_DEBUG_INFO = NO;
				SDKROOT = iphoneos;
				SWIFT_OPTIMIZATION_LEVEL = "-Owholemodule";
				TARGETED_DEVICE_FAMILY = "1,2";
				VALIDATE_PRODUCT = YES;
			};
			name = Release;
		};
		1623F1861E92CCE70031AC02 /* Debug */ = {
			isa = XCBuildConfiguration;
			buildSettings = {
				ASSETCATALOG_COMPILER_APPICON_NAME = AppIcon;
				"CODE_SIGN_IDENTITY[sdk=iphoneos*]" = "iPhone Developer";
				DEVELOPMENT_TEAM = "";
				INFOPLIST_FILE = CA/Info.plist;
				LD_RUNPATH_SEARCH_PATHS = "$(inherited) @executable_path/Frameworks";
				PRODUCT_BUNDLE_IDENTIFIER = com.example.atopcu365.CA;
				PRODUCT_NAME = "$(TARGET_NAME)";
				PROVISIONING_PROFILE_SPECIFIER = "";
				SWIFT_VERSION = 3.0;
			};
			name = Debug;
		};
		1623F1871E92CCE70031AC02 /* Release */ = {
			isa = XCBuildConfiguration;
			buildSettings = {
				ASSETCATALOG_COMPILER_APPICON_NAME = AppIcon;
				"CODE_SIGN_IDENTITY[sdk=iphoneos*]" = "iPhone Developer";
				DEVELOPMENT_TEAM = "";
				INFOPLIST_FILE = CA/Info.plist;
				LD_RUNPATH_SEARCH_PATHS = "$(inherited) @executable_path/Frameworks";
				PRODUCT_BUNDLE_IDENTIFIER = com.example.atopcu365.CA;
				PRODUCT_NAME = "$(TARGET_NAME)";
				PROVISIONING_PROFILE_SPECIFIER = "";
				SWIFT_VERSION = 3.0;
			};
			name = Release;
		};
/* End XCBuildConfiguration section */

/* Begin XCConfigurationList section */
		1623F16E1E92CCE70031AC02 /* Build configuration list for PBXProject "CA" */ = {
			isa = XCConfigurationList;
			buildConfigurations = (
				1623F1831E92CCE70031AC02 /* Debug */,
				1623F1841E92CCE70031AC02 /* Release */,
			);
			defaultConfigurationIsVisible = 0;
			defaultConfigurationName = Release;
		};
		1623F1851E92CCE70031AC02 /* Build configuration list for PBXNativeTarget "CA" */ = {
			isa = XCConfigurationList;
			buildConfigurations = (
				1623F1861E92CCE70031AC02 /* Debug */,
				1623F1871E92CCE70031AC02 /* Release */,
			);
			defaultConfigurationIsVisible = 0;
			defaultConfigurationName = Release;
		};
/* End XCConfigurationList section */
	};
	rootObject = 1623F16B1E92CCE70031AC02 /* Project object */;
}
